
Microsoft Visual Studio Solution File, Format Version 12.00
# Visual Studio Version 17
VisualStudioVersion = 17.8.34525.116
MinimumVisualStudioVersion = 10.0.40219.1
Project("{FAE04EC0-301F-11D3-BF4B-00C04F79EFBC}") = "Mission_8", "Mission_8.csproj", "{B3A1B04B-5634-46FE-AF0B-48935D9092CF}"
EndProject
Global
	GlobalSection(SolutionConfigurationPlatforms) = preSolution
		Debug|Any CPU = Debug|Any CPU
		Release|Any CPU = Release|Any CPU
	EndGlobalSection
	GlobalSection(ProjectConfigurationPlatforms) = postSolution
		{B3A1B04B-5634-46FE-AF0B-48935D9092CF}.Debug|Any CPU.ActiveCfg = Debug|Any CPU
		{B3A1B04B-5634-46FE-AF0B-48935D9092CF}.Debug|Any CPU.Build.0 = Debug|Any CPU
		{B3A1B04B-5634-46FE-AF0B-48935D9092CF}.Release|Any CPU.ActiveCfg = Release|Any CPU
		{B3A1B04B-5634-46FE-AF0B-48935D9092CF}.Release|Any CPU.Build.0 = Release|Any CPU
	EndGlobalSection
	GlobalSection(SolutionProperties) = preSolution
		HideSolutionNode = FALSE
	EndGlobalSection
	GlobalSection(ExtensibilityGlobals) = postSolution
		SolutionGuid = {7B8D0717-D3FA-4986-84FA-5E61DC3A675A}
	EndGlobalSection
EndGlobal
